
Microsoft Visual Studio Solution File, Format Version 12.00
Project("{FAE04EC0-301F-11D3-BF4B-00C04F79EFBC}") = "PJATK-APBD-Cw8-s33611", "PJATK-APBD-Cw8-s33611\PJATK-APBD-Cw8-s33611.csproj", "{03EB3B77-EB87-4184-81D2-1737B9F0CAE9}"
EndProject
Global
	GlobalSection(SolutionConfigurationPlatforms) = preSolution
		Debug|Any CPU = Debug|Any CPU
		Release|Any CPU = Release|Any CPU
	EndGlobalSection
	GlobalSection(ProjectConfigurationPlatforms) = postSolution
		{03EB3B77-EB87-4184-81D2-1737B9F0CAE9}.Debug|Any CPU.ActiveCfg = Debug|Any CPU
		{03EB3B77-EB87-4184-81D2-1737B9F0CAE9}.Debug|Any CPU.Build.0 = Debug|Any CPU
		{03EB3B77-EB87-4184-81D2-1737B9F0CAE9}.Release|Any CPU.ActiveCfg = Release|Any CPU
		{03EB3B77-EB87-4184-81D2-1737B9F0CAE9}.Release|Any CPU.Build.0 = Release|Any CPU
	EndGlobalSection
EndGlobal
